<?xml version="1.0" encoding="utf-8"?>
<Project ToolsVersion="4.0" xmlns="http://schemas.microsoft.com/developer/msbuild/2003">
  <ItemGroup>
    <ClCompile Include="$(MSBuildThisFileDirectory)Application.cpp" />
    <ClCompile Include="$(MSBuildThisFileDirectory)CokeComponent.cpp" />
    <ClCompile Include="$(MSBuildThisFileDirectory)CokeGameObject.cpp" />
    <ClCompile Include="$(MSBuildThisFileDirectory)CokeScene.cpp" />
    <ClCompile Include="$(MSBuildThisFileDirectory)CokeSceneManager.cpp" />
    <ClCompile Include="$(MSBuildThisFileDirectory)CokeSpriteRenderer.cpp" />
    <ClCompile Include="$(MSBuildThisFileDirectory)CokeTransform.cpp" />
    <ClCompile Include="$(MSBuildThisFileDirectory)Entity.cpp" />
    <ClCompile Include="$(MSBuildThisFileDirectory)Scene.cpp" />
    <ClCompile Include="$(MSBuildThisFileDirectory)Time.cpp" />
    <ClCompile Include="$(MSBuildThisFileDirectory)CokeInput.cpp">
      <Filter>Helpers</Filter>
    </ClCompile>
    <ClCompile Include="$(MSBuildThisFileDirectory)CokeTime.cpp">
      <Filter>Helpers</Filter>
    </ClCompile>
    <ClCompile Include="$(MSBuildThisFileDirectory)CokeEntity.cpp">
      <Filter>Common</Filter>
    </ClCompile>
    <ClCompile Include="$(MSBuildThisFileDirectory)CokeLayer.cpp">
      <Filter>Layer</Filter>
    </ClCompile>
    <ClCompile Include="$(MSBuildThisFileDirectory)CokeResources.cpp">
      <Filter>Resource</Filter>
    </ClCompile>
  </ItemGroup>
  <ItemGroup>
    <ClInclude Include="$(MSBuildThisFileDirectory)CokeApplication.h" />
    <ClInclude Include="$(MSBuildThisFileDirectory)CokeComponent.h" />
    <ClInclude Include="$(MSBuildThisFileDirectory)CokeGameObject.h" />
    <ClInclude Include="$(MSBuildThisFileDirectory)CokeScene.h" />
    <ClInclude Include="$(MSBuildThisFileDirectory)CokeSceneManager.h" />
    <ClInclude Include="$(MSBuildThisFileDirectory)CokeSpriteRenderer.h" />
    <ClInclude Include="$(MSBuildThisFileDirectory)CokeTransform.h" />
    <ClInclude Include="$(MSBuildThisFileDirectory)CokeInput.h">
      <Filter>Helpers</Filter>
    </ClInclude>
    <ClInclude Include="$(MSBuildThisFileDirectory)CokeTime.h">
      <Filter>Helpers</Filter>
    </ClInclude>
    <ClInclude Include="$(MSBuildThisFileDirectory)CokeEntity.h">
      <Filter>Common</Filter>
    </ClInclude>
    <ClInclude Include="$(MSBuildThisFileDirectory)CokeMath.h">
      <Filter>Common</Filter>
    </ClInclude>
    <ClInclude Include="$(MSBuildThisFileDirectory)CommonInclude.h">
      <Filter>Common</Filter>
    </ClInclude>
    <ClInclude Include="$(MSBuildThisFileDirectory)CokeEnums.h">
      <Filter>Common</Filter>
    </ClInclude>
    <ClInclude Include="$(MSBuildThisFileDirectory)CokeLayer.h">
      <Filter>Layer</Filter>
    </ClInclude>
    <ClInclude Include="$(MSBuildThisFileDirectory)CokeObject.h">
      <Filter>Common</Filter>
    </ClInclude>
    <ClInclude Include="$(MSBuildThisFileDirectory)CokeResources.h">
      <Filter>Resource</Filter>
    </ClInclude>
  </ItemGroup>
  <ItemGroup>
    <Filter Include="Helpers">
      <UniqueIdentifier>{e85ed289-5549-4dd2-b0f7-8a417e5c0e77}</UniqueIdentifier>
    </Filter>
    <Filter Include="Layer">
      <UniqueIdentifier>{ca072265-08d8-4c18-a527-8ed95f529158}</UniqueIdentifier>
    </Filter>
    <Filter Include="Common">
      <UniqueIdentifier>{4d89228f-9919-43dc-bf81-e4425a83802b}</UniqueIdentifier>
    </Filter>
    <Filter Include="Resource">
      <UniqueIdentifier>{9d3fc449-ae0f-41b4-b777-d44c0dce1430}</UniqueIdentifier>
    </Filter>
  </ItemGroup>
</Project>