<?xml version="1.0" encoding="utf-8"?>
<Project ToolsVersion="4.0" xmlns="http://schemas.microsoft.com/developer/msbuild/2003">
  <ItemGroup>
    <Filter Include="Scenes">
      <UniqueIdentifier>{070f0e56-0157-462f-9e6d-c7bb67089312}</UniqueIdentifier>
    </Filter>
    <Filter Include="Contents">
      <UniqueIdentifier>{f6c70b6d-655b-450a-abc3-e21a0884badd}</UniqueIdentifier>
    </Filter>
    <Filter Include="Contents\Scripts">
      <UniqueIdentifier>{2b3ebd05-fc46-42e7-9c55-0f4ef9cce431}</UniqueIdentifier>
    </Filter>
  </ItemGroup>
  <ItemGroup>
    <ClInclude Include="..\Editor_Window\CokeLoadScene.h">
      <Filter>Scenes</Filter>
    </ClInclude>
    <ClInclude Include="resource.h" />
    <ClInclude Include="CokePlayScene.h">
      <Filter>Scenes</Filter>
    </ClInclude>
    <ClInclude Include="CokeTitleScene.h">
      <Filter>Scenes</Filter>
    </ClInclude>
    <ClInclude Include="..\CokeEngine_SOURCE\CokePlayer.h">
      <Filter>Contents</Filter>
    </ClInclude>
    <ClInclude Include="CokeLoadResources.h" />
    <ClInclude Include="CokePlayerScript.h" />
  </ItemGroup>
  <ItemGroup>
    <ClCompile Include="CokePlayScene.cpp">
      <Filter>Scenes</Filter>
    </ClCompile>
    <ClCompile Include="CokeTitleScene.cpp">
      <Filter>Scenes</Filter>
    </ClCompile>
    <ClCompile Include="..\CokeEngine_SOURCE\CokePlayer.cpp">
      <Filter>Contents</Filter>
    </ClCompile>
    <ClCompile Include="CokePlayerScript.cpp" />
  </ItemGroup>
  <ItemGroup>
    <ResourceCompile Include="CokeEngine.rc" />
  </ItemGroup>
  <ItemGroup>
    <None Include="ClassDiagram.cd" />
    <None Include="ClassDiagram1.cd" />
  </ItemGroup>
</Project>